
Microsoft Visual Studio Solution File, Format Version 12.00
# Visual Studio Version 16
VisualStudioVersion = 16.0.30104.148
MinimumVisualStudioVersion = 10.0.40219.1
Project("{9A19103F-16F7-4668-BE54-9A1E7A4F7556}") = "SiaSkynet", "SiaSkyNet\SiaSkynet.csproj", "{8D84A8EB-BDFD-4A2A-B7A6-54163DA787A2}"
EndProject
Global
	GlobalSection(SolutionConfigurationPlatforms) = preSolution
		Debug|Any CPU = Debug|Any CPU
		Release|Any CPU = Release|Any CPU
	EndGlobalSection
	GlobalSection(ProjectConfigurationPlatforms) = postSolution
		{8D84A8EB-BDFD-4A2A-B7A6-54163DA787A2}.Debug|Any CPU.ActiveCfg = Debug|Any CPU
		{8D84A8EB-BDFD-4A2A-B7A6-54163DA787A2}.Debug|Any CPU.Build.0 = Debug|Any CPU
		{8D84A8EB-BDFD-4A2A-B7A6-54163DA787A2}.Release|Any CPU.ActiveCfg = Release|Any CPU
		{8D84A8EB-BDFD-4A2A-B7A6-54163DA787A2}.Release|Any CPU.Build.0 = Release|Any CPU
	EndGlobalSection
	GlobalSection(SolutionProperties) = preSolution
		HideSolutionNode = FALSE
	EndGlobalSection
	GlobalSection(ExtensibilityGlobals) = postSolution
		SolutionGuid = {F38BFBDE-4464-4EDA-9AF2-A05230B58FEC}
	EndGlobalSection
EndGlobal
